---
lockfileVersion: 1
lockfileVendor: redhat
arches:
  - arch: x86_64
    packages:
      - url: https://cdn-ubi.redhat.com/content/public/ubi/dist/ubi9/9/x86_64/baseos/os/Packages/e/expat-2.5.0-5.el9_7.1.x86_64.rpm
        checksum: sha256:e8ce7bfb8667fc6e4d080f4cae71e175a25cc78b5389a41e3e2e05ffe8edeafe
        size: 120241
        repoid: ubi-9-baseos-rpms
      - url: https://cdn-ubi.redhat.com/content/public/ubi/dist/ubi9/9/x86_64/appstream/os/Packages/l/libnsl2-2.0.0-1.el9.x86_64.rpm
        checksum: sha256:052f7a182180528ba6e3c4378e5dcfb84640594a3e2e7bbe4f0167381e824ce0
        size: 33287
        repoid: ubi-9-appstream-rpms
      - url: https://cdn-ubi.redhat.com/content/public/ubi/dist/ubi9/9/x86_64/baseos/os/Packages/l/libtirpc-1.3.3-9.el9.x86_64.rpm
        checksum: sha256:f82cd69dc3aac881d5b574930c7d274687054cb5b03d3a8e3affa7bbcd5950b1
        size: 98934
        repoid: ubi-9-baseos-rpms
      - url: https://cdn-ubi.redhat.com/content/public/ubi/dist/ubi9/9/x86_64/appstream/os/Packages/m/mpdecimal-2.5.1-3.el9.x86_64.rpm
        checksum: sha256:89a8c9951ac56bed2caa1adbcba349c021af1134b6e2df3fc0a8a60577a4f54d
        size: 89670
        repoid: ubi-9-appstream-rpms
      - url: https://cdn-ubi.redhat.com/content/public/ubi/dist/ubi9/9/x86_64/appstream/os/Packages/p/python3.12-3.12.12-4.el9_7.1.x86_64.rpm
        checksum: sha256:320e0811e1a64e9ac607c666b41d69fbd9917cf83befd52d88cf55396a2f0f6b
        size: 32599
        repoid: ubi-9-appstream-rpms
      - url: https://cdn-ubi.redhat.com/content/public/ubi/dist/ubi9/9/x86_64/appstream/os/Packages/p/python3.12-cffi-1.16.0-2.el9.x86_64.rpm
        checksum: sha256:04cb1f62e20f741e71b975c7c711c5edfc80d9139ba1c25d0049c6ef712e74b1
        size: 322558
        repoid: ubi-9-appstream-rpms
      - url: https://cdn-ubi.redhat.com/content/public/ubi/dist/ubi9/9/x86_64/appstream/os/Packages/p/python3.12-libs-3.12.12-4.el9_7.1.x86_64.rpm
        checksum: sha256:3c63141ada03d7512b5e068309d0a067503601d9dfae060dd06dd69478943b82
        size: 10214024
        repoid: ubi-9-appstream-rpms
      - url: https://cdn-ubi.redhat.com/content/public/ubi/dist/ubi9/9/x86_64/appstream/os/Packages/p/python3.12-pip-23.2.1-5.el9.noarch.rpm
        checksum: sha256:7abdc28c07f4286ef1da5a5033266f89b7aed4d61cb13b9fec3cfa7576ed6fde
        size: 3370313
        repoid: ubi-9-appstream-rpms
      - url: https://cdn-ubi.redhat.com/content/public/ubi/dist/ubi9/9/x86_64/appstream/os/Packages/p/python3.12-pip-wheel-23.2.1-5.el9.noarch.rpm
        checksum: sha256:b3271e01edab5152b4f62515faca4c171fb842b4e871f7d30651a076de621b0e
        size: 1527128
        repoid: ubi-9-appstream-rpms
      - url: https://cdn-ubi.redhat.com/content/public/ubi/dist/ubi9/9/x86_64/appstream/os/Packages/p/python3.12-ply-3.11-2.el9.noarch.rpm
        checksum: sha256:0b4dcf26136d0c8be3d367bdd27d2139160e6b4937ae2beb48937c8108770995
        size: 141561
        repoid: ubi-9-appstream-rpms
      - url: https://cdn-ubi.redhat.com/content/public/ubi/dist/ubi9/9/x86_64/appstream/os/Packages/p/python3.12-pycparser-2.20-2.el9.noarch.rpm
        checksum: sha256:99400962ce5fe6587d76c3b0d1ff417f1687846206e31c87b4ec7112d9fe9bcb
        size: 162444
        repoid: ubi-9-appstream-rpms
    source: []
  - arch: aarch64
    packages:
      - url: https://cdn-ubi.redhat.com/content/public/ubi/dist/ubi9/9/aarch64/baseos/os/Packages/e/expat-2.5.0-5.el9_7.1.aarch64.rpm
        checksum: sha256:1129f05857f5fad3f7755514591fa22cedda810f541476e3a54b6257a4846341
        size: 114334
        repoid: ubi-9-baseos-rpms
      - url: https://cdn-ubi.redhat.com/content/public/ubi/dist/ubi9/9/aarch64/appstream/os/Packages/l/libnsl2-2.0.0-1.el9.aarch64.rpm
        checksum: sha256:5b38c8b55dbfc549271617e132d2d98ceaa9ca30711f73edd8b39a6af689de27
        size: 32849
        repoid: ubi-9-appstream-rpms
      - url: https://cdn-ubi.redhat.com/content/public/ubi/dist/ubi9/9/aarch64/baseos/os/Packages/l/libtirpc-1.3.3-9.el9.aarch64.rpm
        checksum: sha256:591a92387f21db11cb3607f566f95e1f4afe581428eec00f99539925560e1913
        size: 98735
        repoid: ubi-9-baseos-rpms
      - url: https://cdn-ubi.redhat.com/content/public/ubi/dist/ubi9/9/aarch64/appstream/os/Packages/m/mpdecimal-2.5.1-3.el9.aarch64.rpm
        checksum: sha256:6bdb76d4bb510b0e435698a46a09d0849fb07b2f53c00239e8989d8f141d1d14
        size: 92062
        repoid: ubi-9-appstream-rpms
      - url: https://cdn-ubi.redhat.com/content/public/ubi/dist/ubi9/9/aarch64/appstream/os/Packages/p/python3.12-3.12.12-4.el9_7.1.aarch64.rpm
        checksum: sha256:0d360b72d46221e6c67bf4911523c7f63ce394e1d10d33d0ed1fe1f584989781
        size: 32556
        repoid: ubi-9-appstream-rpms
      - url: https://cdn-ubi.redhat.com/content/public/ubi/dist/ubi9/9/aarch64/appstream/os/Packages/p/python3.12-cffi-1.16.0-2.el9.aarch64.rpm
        checksum: sha256:9c68dc790bbeb961d89dd6e74fbb46caf483a031b71dfe08ffb03fe357a832fb
        size: 325807
        repoid: ubi-9-appstream-rpms
      - url: https://cdn-ubi.redhat.com/content/public/ubi/dist/ubi9/9/aarch64/appstream/os/Packages/p/python3.12-libs-3.12.12-4.el9_7.1.aarch64.rpm
        checksum: sha256:79f41e3b0dc48884c4d7de8339ba9462862e645d5a53a2f61f970469c1a70395
        size: 10139241
        repoid: ubi-9-appstream-rpms
      - url: https://cdn-ubi.redhat.com/content/public/ubi/dist/ubi9/9/aarch64/appstream/os/Packages/p/python3.12-pip-23.2.1-5.el9.noarch.rpm
        checksum: sha256:7abdc28c07f4286ef1da5a5033266f89b7aed4d61cb13b9fec3cfa7576ed6fde
        size: 3370313
        repoid: ubi-9-appstream-rpms
      - url: https://cdn-ubi.redhat.com/content/public/ubi/dist/ubi9/9/aarch64/appstream/os/Packages/p/python3.12-pip-wheel-23.2.1-5.el9.noarch.rpm
        checksum: sha256:b3271e01edab5152b4f62515faca4c171fb842b4e871f7d30651a076de621b0e
        size: 1527128
        repoid: ubi-9-appstream-rpms
      - url: https://cdn-ubi.redhat.com/content/public/ubi/dist/ubi9/9/aarch64/appstream/os/Packages/p/python3.12-ply-3.11-2.el9.noarch.rpm
        checksum: sha256:0b4dcf26136d0c8be3d367bdd27d2139160e6b4937ae2beb48937c8108770995
        size: 141561
        repoid: ubi-9-appstream-rpms
      - url: https://cdn-ubi.redhat.com/content/public/ubi/dist/ubi9/9/aarch64/appstream/os/Packages/p/python3.12-pycparser-2.20-2.el9.noarch.rpm
        checksum: sha256:99400962ce5fe6587d76c3b0d1ff417f1687846206e31c87b4ec7112d9fe9bcb
        size: 162444
        repoid: ubi-9-appstream-rpms
    source: []
